
Microsoft Visual Studio Solution File, Format Version 12.00
# Visual Studio Version 17
VisualStudioVersion = 17.0.31903.59
MinimumVisualStudioVersion = 10.0.40219.1
Project("{2150E333-8FDC-42A3-9474-1A3956D46DE8}") = "Class01", "Class01", "{8040C94F-E6EC-4BC7-9A58-9AE443BBFE56}"
EndProject
Project("{2150E333-8FDC-42A3-9474-1A3956D46DE8}") = "Class02", "Class02", "{67AA0510-14F1-413C-A336-C119B11642A2}"
EndProject
Project("{2150E333-8FDC-42A3-9474-1A3956D46DE8}") = "Class03", "Class03", "{CFD44DCD-5EA9-4B17-BFC8-11B36841ECA9}"
EndProject
Project("{2150E333-8FDC-42A3-9474-1A3956D46DE8}") = "Class04", "Class04", "{E258D2C4-66FF-491C-8232-599240CD229E}"
EndProject
Project("{2150E333-8FDC-42A3-9474-1A3956D46DE8}") = "Class05", "Class05", "{1B86F927-8803-4DA8-9056-F3D855B2224D}"
EndProject
Project("{2150E333-8FDC-42A3-9474-1A3956D46DE8}") = "Class06", "Class06", "{0BC6CC87-B04A-46A9-BE57-3084B1462868}"
EndProject
Project("{2150E333-8FDC-42A3-9474-1A3956D46DE8}") = "Class07", "Class07", "{A6F1795F-78F1-445C-8A94-2678B2EC4241}"
EndProject
Project("{2150E333-8FDC-42A3-9474-1A3956D46DE8}") = "Class08", "Class08", "{388740EE-9523-4ADB-96B6-A9EA1EAA9EA6}"
EndProject
Project("{2150E333-8FDC-42A3-9474-1A3956D46DE8}") = "Class09", "Class09", "{C99660CC-CBDF-4236-93C3-65FD9649EA65}"
EndProject
Project("{2150E333-8FDC-42A3-9474-1A3956D46DE8}") = "Class10", "Class10", "{8813623D-1570-4EF7-AAA7-C0E31DA2FBF5}"
EndProject
Project("{2150E333-8FDC-42A3-9474-1A3956D46DE8}") = "Class11", "Class11", "{34AEAD89-4263-470E-9FA1-03864DF4A341}"
EndProject
Project("{2150E333-8FDC-42A3-9474-1A3956D46DE8}") = "Class12", "Class12", "{8E2DDBCB-C417-47B5-83AE-2564266F2250}"
EndProject
Project("{2150E333-8FDC-42A3-9474-1A3956D46DE8}") = "Class13", "Class13", "{848CD576-9CCF-4306-BE95-07FB94FCB10A}"
EndProject
Project("{2150E333-8FDC-42A3-9474-1A3956D46DE8}") = "Class14", "Class14", "{90441132-14BB-44A4-AFAC-88101D59090F}"
EndProject
Project("{2150E333-8FDC-42A3-9474-1A3956D46DE8}") = "Class15", "Class15", "{2B874E44-3DA3-4D42-B25E-D9059F2549BC}"
EndProject
Project("{9A19103F-16F7-4668-BE54-9A1E7A4F7556}") = "Recap", "Class01\Recap\Recap.csproj", "{D9ABC2D7-F067-459C-847C-17CEB835BC23}"
EndProject
Project("{9A19103F-16F7-4668-BE54-9A1E7A4F7556}") = "Abstractions", "Class02\Abstractions\Abstractions.csproj", "{B044C8BA-AFAB-4B19-BDD7-7A938A93431C}"
EndProject
Project("{9A19103F-16F7-4668-BE54-9A1E7A4F7556}") = "Exercise", "Class02\Exercise\Exercise.csproj", "{54ABE717-DC3C-43A7-8389-4D1060534F79}"
EndProject
Project("{9A19103F-16F7-4668-BE54-9A1E7A4F7556}") = "AbstractClassAndInterface", "Class03\AbstractClassAndInterface\AbstractClassAndInterface.csproj", "{FEE883B0-F83F-401F-A2CC-353DE00399F2}"
EndProject
Project("{9A19103F-16F7-4668-BE54-9A1E7A4F7556}") = "CarRaceApp", "Class03\CarRaceApp\CarRaceApp.csproj", "{D26C2DBD-C044-4179-B1FC-65C7AA2C47FC}"
EndProject
Project("{9A19103F-16F7-4668-BE54-9A1E7A4F7556}") = "AbstractClass", "Class03\AbstractClass\AbstractClass.csproj", "{342DDD83-93C6-4007-A8F8-632A2CC1D809}"
EndProject
Project("{9A19103F-16F7-4668-BE54-9A1E7A4F7556}") = "Interface", "Class03\Interface\Interface.csproj", "{6AD5C17B-23E1-454C-867E-708E756C9DFC}"
EndProject
Project("{9A19103F-16F7-4668-BE54-9A1E7A4F7556}") = "LibraryManagementSystem", "Class04\LibraryManagementSystem\LibraryManagementSystem.csproj", "{BD3F6ECB-DEE9-4EAE-A311-5F3B0BB250FE}"
EndProject
Project("{9A19103F-16F7-4668-BE54-9A1E7A4F7556}") = "StaticsAndPolymorphism", "Class05\StaticsAndPolymorphism\StaticsAndPolymorphism.csproj", "{86DAB833-733D-4670-B65D-2E8D57DD1CE2}"
EndProject
Project("{9A19103F-16F7-4668-BE54-9A1E7A4F7556}") = "GettersAndSetters", "Class05\GettersAndSetters\GettersAndSetters.csproj", "{3772075E-643E-4317-8CAD-8F0306E9EB8E}"
EndProject
Project("{9A19103F-16F7-4668-BE54-9A1E7A4F7556}") = "Generics", "Class06\Generics\Generics.csproj", "{5591A79B-4105-4487-BFFF-3D8DA0D61D79}"
EndProject
Project("{9A19103F-16F7-4668-BE54-9A1E7A4F7556}") = "ExerciseTime", "Class06\ExerciseTime\ExerciseTime.csproj", "{FA8859C5-EBA0-4AFC-97A3-3C0851F6128B}"
EndProject
Project("{9A19103F-16F7-4668-BE54-9A1E7A4F7556}") = "ATM", "Class07\ATM\ATM.csproj", "{61CB1BCE-7E72-4496-9642-15618431637B}"
EndProject
Project("{9A19103F-16F7-4668-BE54-9A1E7A4F7556}") = "LinqRecap", "Class08\LinqRecap\LinqRecap.csproj", "{9E97F7BF-0D6E-49C8-B2D0-2993EA9F205C}"
EndProject
Project("{9A19103F-16F7-4668-BE54-9A1E7A4F7556}") = "WorkingWithFiles", "Class09\WorkingWithFiles\WorkingWithFiles.csproj", "{51F14388-2249-4EC6-9BAB-9F2C327A4C33}"
EndProject
Project("{9A19103F-16F7-4668-BE54-9A1E7A4F7556}") = "Exercise09", "Class09\Exercise09\Exercise09.csproj", "{D801A695-553D-43A5-9E95-35A207BD127E}"
EndProject
Project("{9A19103F-16F7-4668-BE54-9A1E7A4F7556}") = "Exercise1", "Class10\Exercise1\Exercise1.csproj", "{C4E8985F-C5D6-4B50-87F4-8B16EA527D6F}"
EndProject
Project("{9A19103F-16F7-4668-BE54-9A1E7A4F7556}") = "Exercise2", "Class10\Exercise2\Exercise2.csproj", "{071FBE4E-0E7E-44F8-855A-B399B5BDF9A3}"
EndProject
Project("{9A19103F-16F7-4668-BE54-9A1E7A4F7556}") = "Exercise3", "Class10\Exercise3\Exercise3.csproj", "{605C4361-6C83-41AB-90EA-51E093F4FB49}"
EndProject
Project("{9A19103F-16F7-4668-BE54-9A1E7A4F7556}") = "Exercise4", "Class10\Exercise4\Exercise4.csproj", "{7BF9FBBB-8E9C-4C26-8E71-752A82003750}"
EndProject
Project("{9A19103F-16F7-4668-BE54-9A1E7A4F7556}") = "NewsApp", "Class10\NewsApp\NewsApp.csproj", "{FDDA1861-E4DA-4527-8601-B0E55F98B534}"
EndProject
Project("{9A19103F-16F7-4668-BE54-9A1E7A4F7556}") = "MemoryManagament", "Class11\MemoryManagament\MemoryManagament.csproj", "{4275A0FF-8A96-4464-9EE0-FA37B12206FE}"
EndProject
Project("{9A19103F-16F7-4668-BE54-9A1E7A4F7556}") = "SerializationDeserialization", "Class12\SerializationDeserialization\SerializationDeserialization.csproj", "{106D4694-F133-41CC-867E-A8B0E6E2A12A}"
EndProject
Project("{9A19103F-16F7-4668-BE54-9A1E7A4F7556}") = "OurJsonConverter", "Class12\OurJsonConverter\OurJsonConverter.csproj", "{06946C80-801B-4B62-B664-8B079F693872}"
EndProject
Project("{9A19103F-16F7-4668-BE54-9A1E7A4F7556}") = "Exercise", "Class12\Exercise\Exercise.csproj", "{EE179146-3EE2-47A4-BAB9-B67D192B1507}"
EndProject
Project("{9A19103F-16F7-4668-BE54-9A1E7A4F7556}") = "AsyncCSharp", "Class13\AsyncCSharp\AsyncCSharp.csproj", "{60CCBC31-6727-4E34-88DE-94F0AFC491D3}"
EndProject
Project("{9A19103F-16F7-4668-BE54-9A1E7A4F7556}") = "HttpExamples", "Class13\HttpExamples\HttpExamples.csproj", "{204EF405-149D-4EB4-863E-D6B6367BC652}"
EndProject
Project("{9A19103F-16F7-4668-BE54-9A1E7A4F7556}") = "LibraryManagamentApp", "Class14\LibraryManagamentApp\LibraryManagamentApp.csproj", "{EC6B9609-99C1-42BD-8898-7738CDF853F1}"
EndProject
Project("{2150E333-8FDC-42A3-9474-1A3956D46DE8}") = "Taxi", "Taxi", "{67F5DF30-BD17-425F-A5D6-4AB45524B0C9}"
EndProject
Project("{9A19103F-16F7-4668-BE54-9A1E7A4F7556}") = "TaxiManager9000.App", "..\..\rsbawd02-06-csharpadv-internal\Workshop\TaxiApp\TaxiCo.TaxiManager9000\TaxiCo.TaxiManager9000.App\TaxiManager9000.App.csproj", "{9393A919-9F9A-4860-80BB-7F7ED75C7E6E}"
EndProject
Project("{9A19103F-16F7-4668-BE54-9A1E7A4F7556}") = "TaxiManager9000.DataAccess", "..\..\rsbawd02-06-csharpadv-internal\Workshop\TaxiApp\TaxiCo.TaxiManager9000\TaxiCo.TaxiManager9000.DataAccess\TaxiManager9000.DataAccess.csproj", "{9451CB2E-F6B0-464B-8D9E-C92555385101}"
EndProject
Project("{9A19103F-16F7-4668-BE54-9A1E7A4F7556}") = "TaxiManager9000.Domain", "..\..\rsbawd02-06-csharpadv-internal\Workshop\TaxiApp\TaxiCo.TaxiManager9000\TaxiCo.TaxiManager9000.Domain\TaxiManager9000.Domain.csproj", "{D2A22F4B-19C0-41C1-AC3C-4BE6B05189E1}"
EndProject
Project("{9A19103F-16F7-4668-BE54-9A1E7A4F7556}") = "TaxiManager9000.Services", "..\..\rsbawd02-06-csharpadv-internal\Workshop\TaxiApp\TaxiCo.TaxiManager9000\TaxiCo.TaxiManager9000.Services\TaxiManager9000.Services.csproj", "{BFE16C3B-56D7-4AB2-BFE8-27A5DDBBA252}"
EndProject
Project("{2150E333-8FDC-42A3-9474-1A3956D46DE8}") = "TryBeingFit", "TryBeingFit", "{CEAEB048-9E0A-4ECA-9692-D26E29261C0C}"
EndProject
Project("{9A19103F-16F7-4668-BE54-9A1E7A4F7556}") = "SEDC.TryBeingFit.App", "..\..\rsbawd02-06-csharpadv-internal\Workshop\TryBeingFit\SEDC.TryBeingFit\SEDC.TryBeingFit.App\SEDC.TryBeingFit.App.csproj", "{B7E651AE-7D7E-4C73-91F6-2BA250C08EB6}"
EndProject
Project("{9A19103F-16F7-4668-BE54-9A1E7A4F7556}") = "SEDC.TryBeingFit.Domain", "..\..\rsbawd02-06-csharpadv-internal\Workshop\TryBeingFit\SEDC.TryBeingFit\SEDC.TryBeingFit.Domain\SEDC.TryBeingFit.Domain.csproj", "{B5DCAA77-2B20-4C67-9343-CEB6FF323858}"
EndProject
Project("{9A19103F-16F7-4668-BE54-9A1E7A4F7556}") = "SEDC.TryBeingFit.Services", "..\..\rsbawd02-06-csharpadv-internal\Workshop\TryBeingFit\SEDC.TryBeingFit\SEDC.TryBeingFit.Services\SEDC.TryBeingFit.Services.csproj", "{2DEF8B4B-30F6-47E8-89E8-F4C8BC17CC0B}"
EndProject
Global
	GlobalSection(SolutionConfigurationPlatforms) = preSolution
		Debug|Any CPU = Debug|Any CPU
		Release|Any CPU = Release|Any CPU
	EndGlobalSection
	GlobalSection(ProjectConfigurationPlatforms) = postSolution
		{D9ABC2D7-F067-459C-847C-17CEB835BC23}.Debug|Any CPU.ActiveCfg = Debug|Any CPU
		{D9ABC2D7-F067-459C-847C-17CEB835BC23}.Debug|Any CPU.Build.0 = Debug|Any CPU
		{D9ABC2D7-F067-459C-847C-17CEB835BC23}.Release|Any CPU.ActiveCfg = Release|Any CPU
		{D9ABC2D7-F067-459C-847C-17CEB835BC23}.Release|Any CPU.Build.0 = Release|Any CPU
		{B044C8BA-AFAB-4B19-BDD7-7A938A93431C}.Debug|Any CPU.ActiveCfg = Debug|Any CPU
		{B044C8BA-AFAB-4B19-BDD7-7A938A93431C}.Debug|Any CPU.Build.0 = Debug|Any CPU
		{B044C8BA-AFAB-4B19-BDD7-7A938A93431C}.Release|Any CPU.ActiveCfg = Release|Any CPU
		{B044C8BA-AFAB-4B19-BDD7-7A938A93431C}.Release|Any CPU.Build.0 = Release|Any CPU
		{54ABE717-DC3C-43A7-8389-4D1060534F79}.Debug|Any CPU.ActiveCfg = Debug|Any CPU
		{54ABE717-DC3C-43A7-8389-4D1060534F79}.Debug|Any CPU.Build.0 = Debug|Any CPU
		{54ABE717-DC3C-43A7-8389-4D1060534F79}.Release|Any CPU.ActiveCfg = Release|Any CPU
		{54ABE717-DC3C-43A7-8389-4D1060534F79}.Release|Any CPU.Build.0 = Release|Any CPU
		{FEE883B0-F83F-401F-A2CC-353DE00399F2}.Debug|Any CPU.ActiveCfg = Debug|Any CPU
		{FEE883B0-F83F-401F-A2CC-353DE00399F2}.Debug|Any CPU.Build.0 = Debug|Any CPU
		{FEE883B0-F83F-401F-A2CC-353DE00399F2}.Release|Any CPU.ActiveCfg = Release|Any CPU
		{FEE883B0-F83F-401F-A2CC-353DE00399F2}.Release|Any CPU.Build.0 = Release|Any CPU
		{D26C2DBD-C044-4179-B1FC-65C7AA2C47FC}.Debug|Any CPU.ActiveCfg = Debug|Any CPU
		{D26C2DBD-C044-4179-B1FC-65C7AA2C47FC}.Debug|Any CPU.Build.0 = Debug|Any CPU
		{D26C2DBD-C044-4179-B1FC-65C7AA2C47FC}.Release|Any CPU.ActiveCfg = Release|Any CPU
		{D26C2DBD-C044-4179-B1FC-65C7AA2C47FC}.Release|Any CPU.Build.0 = Release|Any CPU
		{342DDD83-93C6-4007-A8F8-632A2CC1D809}.Debug|Any CPU.ActiveCfg = Debug|Any CPU
		{342DDD83-93C6-4007-A8F8-632A2CC1D809}.Debug|Any CPU.Build.0 = Debug|Any CPU
		{342DDD83-93C6-4007-A8F8-632A2CC1D809}.Release|Any CPU.ActiveCfg = Release|Any CPU
		{342DDD83-93C6-4007-A8F8-632A2CC1D809}.Release|Any CPU.Build.0 = Release|Any CPU
		{6AD5C17B-23E1-454C-867E-708E756C9DFC}.Debug|Any CPU.ActiveCfg = Debug|Any CPU
		{6AD5C17B-23E1-454C-867E-708E756C9DFC}.Debug|Any CPU.Build.0 = Debug|Any CPU
		{6AD5C17B-23E1-454C-867E-708E756C9DFC}.Release|Any CPU.ActiveCfg = Release|Any CPU
		{6AD5C17B-23E1-454C-867E-708E756C9DFC}.Release|Any CPU.Build.0 = Release|Any CPU
		{BD3F6ECB-DEE9-4EAE-A311-5F3B0BB250FE}.Debug|Any CPU.ActiveCfg = Debug|Any CPU
		{BD3F6ECB-DEE9-4EAE-A311-5F3B0BB250FE}.Debug|Any CPU.Build.0 = Debug|Any CPU
		{BD3F6ECB-DEE9-4EAE-A311-5F3B0BB250FE}.Release|Any CPU.ActiveCfg = Release|Any CPU
		{BD3F6ECB-DEE9-4EAE-A311-5F3B0BB250FE}.Release|Any CPU.Build.0 = Release|Any CPU
		{86DAB833-733D-4670-B65D-2E8D57DD1CE2}.Debug|Any CPU.ActiveCfg = Debug|Any CPU
		{86DAB833-733D-4670-B65D-2E8D57DD1CE2}.Debug|Any CPU.Build.0 = Debug|Any CPU
		{86DAB833-733D-4670-B65D-2E8D57DD1CE2}.Release|Any CPU.ActiveCfg = Release|Any CPU
		{86DAB833-733D-4670-B65D-2E8D57DD1CE2}.Release|Any CPU.Build.0 = Release|Any CPU
		{3772075E-643E-4317-8CAD-8F0306E9EB8E}.Debug|Any CPU.ActiveCfg = Debug|Any CPU
		{3772075E-643E-4317-8CAD-8F0306E9EB8E}.Debug|Any CPU.Build.0 = Debug|Any CPU
		{3772075E-643E-4317-8CAD-8F0306E9EB8E}.Release|Any CPU.ActiveCfg = Release|Any CPU
		{3772075E-643E-4317-8CAD-8F0306E9EB8E}.Release|Any CPU.Build.0 = Release|Any CPU
		{5591A79B-4105-4487-BFFF-3D8DA0D61D79}.Debug|Any CPU.ActiveCfg = Debug|Any CPU
		{5591A79B-4105-4487-BFFF-3D8DA0D61D79}.Debug|Any CPU.Build.0 = Debug|Any CPU
		{5591A79B-4105-4487-BFFF-3D8DA0D61D79}.Release|Any CPU.ActiveCfg = Release|Any CPU
		{5591A79B-4105-4487-BFFF-3D8DA0D61D79}.Release|Any CPU.Build.0 = Release|Any CPU
		{FA8859C5-EBA0-4AFC-97A3-3C0851F6128B}.Debug|Any CPU.ActiveCfg = Debug|Any CPU
		{FA8859C5-EBA0-4AFC-97A3-3C0851F6128B}.Debug|Any CPU.Build.0 = Debug|Any CPU
		{FA8859C5-EBA0-4AFC-97A3-3C0851F6128B}.Release|Any CPU.ActiveCfg = Release|Any CPU
		{FA8859C5-EBA0-4AFC-97A3-3C0851F6128B}.Release|Any CPU.Build.0 = Release|Any CPU
		{61CB1BCE-7E72-4496-9642-15618431637B}.Debug|Any CPU.ActiveCfg = Debug|Any CPU
		{61CB1BCE-7E72-4496-9642-15618431637B}.Debug|Any CPU.Build.0 = Debug|Any CPU
		{61CB1BCE-7E72-4496-9642-15618431637B}.Release|Any CPU.ActiveCfg = Release|Any CPU
		{61CB1BCE-7E72-4496-9642-15618431637B}.Release|Any CPU.Build.0 = Release|Any CPU
		{9E97F7BF-0D6E-49C8-B2D0-2993EA9F205C}.Debug|Any CPU.ActiveCfg = Debug|Any CPU
		{9E97F7BF-0D6E-49C8-B2D0-2993EA9F205C}.Debug|Any CPU.Build.0 = Debug|Any CPU
		{9E97F7BF-0D6E-49C8-B2D0-2993EA9F205C}.Release|Any CPU.ActiveCfg = Release|Any CPU
		{9E97F7BF-0D6E-49C8-B2D0-2993EA9F205C}.Release|Any CPU.Build.0 = Release|Any CPU
		{51F14388-2249-4EC6-9BAB-9F2C327A4C33}.Debug|Any CPU.ActiveCfg = Debug|Any CPU
		{51F14388-2249-4EC6-9BAB-9F2C327A4C33}.Debug|Any CPU.Build.0 = Debug|Any CPU
		{51F14388-2249-4EC6-9BAB-9F2C327A4C33}.Release|Any CPU.ActiveCfg = Release|Any CPU
		{51F14388-2249-4EC6-9BAB-9F2C327A4C33}.Release|Any CPU.Build.0 = Release|Any CPU
		{D801A695-553D-43A5-9E95-35A207BD127E}.Debug|Any CPU.ActiveCfg = Debug|Any CPU
		{D801A695-553D-43A5-9E95-35A207BD127E}.Debug|Any CPU.Build.0 = Debug|Any CPU
		{D801A695-553D-43A5-9E95-35A207BD127E}.Release|Any CPU.ActiveCfg = Release|Any CPU
		{D801A695-553D-43A5-9E95-35A207BD127E}.Release|Any CPU.Build.0 = Release|Any CPU
		{C4E8985F-C5D6-4B50-87F4-8B16EA527D6F}.Debug|Any CPU.ActiveCfg = Debug|Any CPU
		{C4E8985F-C5D6-4B50-87F4-8B16EA527D6F}.Debug|Any CPU.Build.0 = Debug|Any CPU
		{C4E8985F-C5D6-4B50-87F4-8B16EA527D6F}.Release|Any CPU.ActiveCfg = Release|Any CPU
		{C4E8985F-C5D6-4B50-87F4-8B16EA527D6F}.Release|Any CPU.Build.0 = Release|Any CPU
		{071FBE4E-0E7E-44F8-855A-B399B5BDF9A3}.Debug|Any CPU.ActiveCfg = Debug|Any CPU
		{071FBE4E-0E7E-44F8-855A-B399B5BDF9A3}.Debug|Any CPU.Build.0 = Debug|Any CPU
		{071FBE4E-0E7E-44F8-855A-B399B5BDF9A3}.Release|Any CPU.ActiveCfg = Release|Any CPU
		{071FBE4E-0E7E-44F8-855A-B399B5BDF9A3}.Release|Any CPU.Build.0 = Release|Any CPU
		{605C4361-6C83-41AB-90EA-51E093F4FB49}.Debug|Any CPU.ActiveCfg = Debug|Any CPU
		{605C4361-6C83-41AB-90EA-51E093F4FB49}.Debug|Any CPU.Build.0 = Debug|Any CPU
		{605C4361-6C83-41AB-90EA-51E093F4FB49}.Release|Any CPU.ActiveCfg = Release|Any CPU
		{605C4361-6C83-41AB-90EA-51E093F4FB49}.Release|Any CPU.Build.0 = Release|Any CPU
		{7BF9FBBB-8E9C-4C26-8E71-752A82003750}.Debug|Any CPU.ActiveCfg = Debug|Any CPU
		{7BF9FBBB-8E9C-4C26-8E71-752A82003750}.Debug|Any CPU.Build.0 = Debug|Any CPU
		{7BF9FBBB-8E9C-4C26-8E71-752A82003750}.Release|Any CPU.ActiveCfg = Release|Any CPU
		{7BF9FBBB-8E9C-4C26-8E71-752A82003750}.Release|Any CPU.Build.0 = Release|Any CPU
		{FDDA1861-E4DA-4527-8601-B0E55F98B534}.Debug|Any CPU.ActiveCfg = Debug|Any CPU
		{FDDA1861-E4DA-4527-8601-B0E55F98B534}.Debug|Any CPU.Build.0 = Debug|Any CPU
		{FDDA1861-E4DA-4527-8601-B0E55F98B534}.Release|Any CPU.ActiveCfg = Release|Any CPU
		{FDDA1861-E4DA-4527-8601-B0E55F98B534}.Release|Any CPU.Build.0 = Release|Any CPU
		{4275A0FF-8A96-4464-9EE0-FA37B12206FE}.Debug|Any CPU.ActiveCfg = Debug|Any CPU
		{4275A0FF-8A96-4464-9EE0-FA37B12206FE}.Debug|Any CPU.Build.0 = Debug|Any CPU
		{4275A0FF-8A96-4464-9EE0-FA37B12206FE}.Release|Any CPU.ActiveCfg = Release|Any CPU
		{4275A0FF-8A96-4464-9EE0-FA37B12206FE}.Release|Any CPU.Build.0 = Release|Any CPU
		{106D4694-F133-41CC-867E-A8B0E6E2A12A}.Debug|Any CPU.ActiveCfg = Debug|Any CPU
		{106D4694-F133-41CC-867E-A8B0E6E2A12A}.Debug|Any CPU.Build.0 = Debug|Any CPU
		{106D4694-F133-41CC-867E-A8B0E6E2A12A}.Release|Any CPU.ActiveCfg = Release|Any CPU
		{106D4694-F133-41CC-867E-A8B0E6E2A12A}.Release|Any CPU.Build.0 = Release|Any CPU
		{06946C80-801B-4B62-B664-8B079F693872}.Debug|Any CPU.ActiveCfg = Debug|Any CPU
		{06946C80-801B-4B62-B664-8B079F693872}.Debug|Any CPU.Build.0 = Debug|Any CPU
		{06946C80-801B-4B62-B664-8B079F693872}.Release|Any CPU.ActiveCfg = Release|Any CPU
		{06946C80-801B-4B62-B664-8B079F693872}.Release|Any CPU.Build.0 = Release|Any CPU
		{EE179146-3EE2-47A4-BAB9-B67D192B1507}.Debug|Any CPU.ActiveCfg = Debug|Any CPU
		{EE179146-3EE2-47A4-BAB9-B67D192B1507}.Debug|Any CPU.Build.0 = Debug|Any CPU
		{EE179146-3EE2-47A4-BAB9-B67D192B1507}.Release|Any CPU.ActiveCfg = Release|Any CPU
		{EE179146-3EE2-47A4-BAB9-B67D192B1507}.Release|Any CPU.Build.0 = Release|Any CPU
		{60CCBC31-6727-4E34-88DE-94F0AFC491D3}.Debug|Any CPU.ActiveCfg = Debug|Any CPU
		{60CCBC31-6727-4E34-88DE-94F0AFC491D3}.Debug|Any CPU.Build.0 = Debug|Any CPU
		{60CCBC31-6727-4E34-88DE-94F0AFC491D3}.Release|Any CPU.ActiveCfg = Release|Any CPU
		{60CCBC31-6727-4E34-88DE-94F0AFC491D3}.Release|Any CPU.Build.0 = Release|Any CPU
		{204EF405-149D-4EB4-863E-D6B6367BC652}.Debug|Any CPU.ActiveCfg = Debug|Any CPU
		{204EF405-149D-4EB4-863E-D6B6367BC652}.Debug|Any CPU.Build.0 = Debug|Any CPU
		{204EF405-149D-4EB4-863E-D6B6367BC652}.Release|Any CPU.ActiveCfg = Release|Any CPU
		{204EF405-149D-4EB4-863E-D6B6367BC652}.Release|Any CPU.Build.0 = Release|Any CPU
		{EC6B9609-99C1-42BD-8898-7738CDF853F1}.Debug|Any CPU.ActiveCfg = Debug|Any CPU
		{EC6B9609-99C1-42BD-8898-7738CDF853F1}.Debug|Any CPU.Build.0 = Debug|Any CPU
		{EC6B9609-99C1-42BD-8898-7738CDF853F1}.Release|Any CPU.ActiveCfg = Release|Any CPU
		{EC6B9609-99C1-42BD-8898-7738CDF853F1}.Release|Any CPU.Build.0 = Release|Any CPU
		{9393A919-9F9A-4860-80BB-7F7ED75C7E6E}.Debug|Any CPU.ActiveCfg = Debug|Any CPU
		{9393A919-9F9A-4860-80BB-7F7ED75C7E6E}.Debug|Any CPU.Build.0 = Debug|Any CPU
		{9393A919-9F9A-4860-80BB-7F7ED75C7E6E}.Release|Any CPU.ActiveCfg = Release|Any CPU
		{9393A919-9F9A-4860-80BB-7F7ED75C7E6E}.Release|Any CPU.Build.0 = Release|Any CPU
		{9451CB2E-F6B0-464B-8D9E-C92555385101}.Debug|Any CPU.ActiveCfg = Debug|Any CPU
		{9451CB2E-F6B0-464B-8D9E-C92555385101}.Debug|Any CPU.Build.0 = Debug|Any CPU
		{9451CB2E-F6B0-464B-8D9E-C92555385101}.Release|Any CPU.ActiveCfg = Release|Any CPU
		{9451CB2E-F6B0-464B-8D9E-C92555385101}.Release|Any CPU.Build.0 = Release|Any CPU
		{D2A22F4B-19C0-41C1-AC3C-4BE6B05189E1}.Debug|Any CPU.ActiveCfg = Debug|Any CPU
		{D2A22F4B-19C0-41C1-AC3C-4BE6B05189E1}.Debug|Any CPU.Build.0 = Debug|Any CPU
		{D2A22F4B-19C0-41C1-AC3C-4BE6B05189E1}.Release|Any CPU.ActiveCfg = Release|Any CPU
		{D2A22F4B-19C0-41C1-AC3C-4BE6B05189E1}.Release|Any CPU.Build.0 = Release|Any CPU
		{BFE16C3B-56D7-4AB2-BFE8-27A5DDBBA252}.Debug|Any CPU.ActiveCfg = Debug|Any CPU
		{BFE16C3B-56D7-4AB2-BFE8-27A5DDBBA252}.Debug|Any CPU.Build.0 = Debug|Any CPU
		{BFE16C3B-56D7-4AB2-BFE8-27A5DDBBA252}.Release|Any CPU.ActiveCfg = Release|Any CPU
		{BFE16C3B-56D7-4AB2-BFE8-27A5DDBBA252}.Release|Any CPU.Build.0 = Release|Any CPU
		{B7E651AE-7D7E-4C73-91F6-2BA250C08EB6}.Debug|Any CPU.ActiveCfg = Debug|Any CPU
		{B7E651AE-7D7E-4C73-91F6-2BA250C08EB6}.Debug|Any CPU.Build.0 = Debug|Any CPU
		{B7E651AE-7D7E-4C73-91F6-2BA250C08EB6}.Release|Any CPU.ActiveCfg = Release|Any CPU
		{B7E651AE-7D7E-4C73-91F6-2BA250C08EB6}.Release|Any CPU.Build.0 = Release|Any CPU
		{B5DCAA77-2B20-4C67-9343-CEB6FF323858}.Debug|Any CPU.ActiveCfg = Debug|Any CPU
		{B5DCAA77-2B20-4C67-9343-CEB6FF323858}.Debug|Any CPU.Build.0 = Debug|Any CPU
		{B5DCAA77-2B20-4C67-9343-CEB6FF323858}.Release|Any CPU.ActiveCfg = Release|Any CPU
		{B5DCAA77-2B20-4C67-9343-CEB6FF323858}.Release|Any CPU.Build.0 = Release|Any CPU
		{2DEF8B4B-30F6-47E8-89E8-F4C8BC17CC0B}.Debug|Any CPU.ActiveCfg = Debug|Any CPU
		{2DEF8B4B-30F6-47E8-89E8-F4C8BC17CC0B}.Debug|Any CPU.Build.0 = Debug|Any CPU
		{2DEF8B4B-30F6-47E8-89E8-F4C8BC17CC0B}.Release|Any CPU.ActiveCfg = Release|Any CPU
		{2DEF8B4B-30F6-47E8-89E8-F4C8BC17CC0B}.Release|Any CPU.Build.0 = Release|Any CPU
	EndGlobalSection
	GlobalSection(SolutionProperties) = preSolution
		HideSolutionNode = FALSE
	EndGlobalSection
	GlobalSection(NestedProjects) = preSolution
		{D9ABC2D7-F067-459C-847C-17CEB835BC23} = {8040C94F-E6EC-4BC7-9A58-9AE443BBFE56}
		{B044C8BA-AFAB-4B19-BDD7-7A938A93431C} = {67AA0510-14F1-413C-A336-C119B11642A2}
		{54ABE717-DC3C-43A7-8389-4D1060534F79} = {67AA0510-14F1-413C-A336-C119B11642A2}
		{FEE883B0-F83F-401F-A2CC-353DE00399F2} = {CFD44DCD-5EA9-4B17-BFC8-11B36841ECA9}
		{D26C2DBD-C044-4179-B1FC-65C7AA2C47FC} = {CFD44DCD-5EA9-4B17-BFC8-11B36841ECA9}
		{342DDD83-93C6-4007-A8F8-632A2CC1D809} = {CFD44DCD-5EA9-4B17-BFC8-11B36841ECA9}
		{6AD5C17B-23E1-454C-867E-708E756C9DFC} = {CFD44DCD-5EA9-4B17-BFC8-11B36841ECA9}
		{BD3F6ECB-DEE9-4EAE-A311-5F3B0BB250FE} = {E258D2C4-66FF-491C-8232-599240CD229E}
		{86DAB833-733D-4670-B65D-2E8D57DD1CE2} = {1B86F927-8803-4DA8-9056-F3D855B2224D}
		{3772075E-643E-4317-8CAD-8F0306E9EB8E} = {1B86F927-8803-4DA8-9056-F3D855B2224D}
		{5591A79B-4105-4487-BFFF-3D8DA0D61D79} = {0BC6CC87-B04A-46A9-BE57-3084B1462868}
		{FA8859C5-EBA0-4AFC-97A3-3C0851F6128B} = {0BC6CC87-B04A-46A9-BE57-3084B1462868}
		{61CB1BCE-7E72-4496-9642-15618431637B} = {A6F1795F-78F1-445C-8A94-2678B2EC4241}
		{9E97F7BF-0D6E-49C8-B2D0-2993EA9F205C} = {388740EE-9523-4ADB-96B6-A9EA1EAA9EA6}
		{51F14388-2249-4EC6-9BAB-9F2C327A4C33} = {C99660CC-CBDF-4236-93C3-65FD9649EA65}
		{D801A695-553D-43A5-9E95-35A207BD127E} = {C99660CC-CBDF-4236-93C3-65FD9649EA65}
		{C4E8985F-C5D6-4B50-87F4-8B16EA527D6F} = {8813623D-1570-4EF7-AAA7-C0E31DA2FBF5}
		{071FBE4E-0E7E-44F8-855A-B399B5BDF9A3} = {8813623D-1570-4EF7-AAA7-C0E31DA2FBF5}
		{605C4361-6C83-41AB-90EA-51E093F4FB49} = {8813623D-1570-4EF7-AAA7-C0E31DA2FBF5}
		{7BF9FBBB-8E9C-4C26-8E71-752A82003750} = {8813623D-1570-4EF7-AAA7-C0E31DA2FBF5}
		{FDDA1861-E4DA-4527-8601-B0E55F98B534} = {8813623D-1570-4EF7-AAA7-C0E31DA2FBF5}
		{4275A0FF-8A96-4464-9EE0-FA37B12206FE} = {34AEAD89-4263-470E-9FA1-03864DF4A341}
		{106D4694-F133-41CC-867E-A8B0E6E2A12A} = {8E2DDBCB-C417-47B5-83AE-2564266F2250}
		{06946C80-801B-4B62-B664-8B079F693872} = {8E2DDBCB-C417-47B5-83AE-2564266F2250}
		{EE179146-3EE2-47A4-BAB9-B67D192B1507} = {8E2DDBCB-C417-47B5-83AE-2564266F2250}
		{60CCBC31-6727-4E34-88DE-94F0AFC491D3} = {848CD576-9CCF-4306-BE95-07FB94FCB10A}
		{204EF405-149D-4EB4-863E-D6B6367BC652} = {848CD576-9CCF-4306-BE95-07FB94FCB10A}
		{EC6B9609-99C1-42BD-8898-7738CDF853F1} = {90441132-14BB-44A4-AFAC-88101D59090F}
		{67F5DF30-BD17-425F-A5D6-4AB45524B0C9} = {2B874E44-3DA3-4D42-B25E-D9059F2549BC}
		{9393A919-9F9A-4860-80BB-7F7ED75C7E6E} = {67F5DF30-BD17-425F-A5D6-4AB45524B0C9}
		{9451CB2E-F6B0-464B-8D9E-C92555385101} = {67F5DF30-BD17-425F-A5D6-4AB45524B0C9}
		{D2A22F4B-19C0-41C1-AC3C-4BE6B05189E1} = {67F5DF30-BD17-425F-A5D6-4AB45524B0C9}
		{BFE16C3B-56D7-4AB2-BFE8-27A5DDBBA252} = {67F5DF30-BD17-425F-A5D6-4AB45524B0C9}
		{CEAEB048-9E0A-4ECA-9692-D26E29261C0C} = {2B874E44-3DA3-4D42-B25E-D9059F2549BC}
		{B7E651AE-7D7E-4C73-91F6-2BA250C08EB6} = {CEAEB048-9E0A-4ECA-9692-D26E29261C0C}
		{B5DCAA77-2B20-4C67-9343-CEB6FF323858} = {CEAEB048-9E0A-4ECA-9692-D26E29261C0C}
		{2DEF8B4B-30F6-47E8-89E8-F4C8BC17CC0B} = {CEAEB048-9E0A-4ECA-9692-D26E29261C0C}
	EndGlobalSection
	GlobalSection(ExtensibilityGlobals) = postSolution
		SolutionGuid = {4124A474-FF6B-4D34-B302-3B9A685118A2}
	EndGlobalSection
EndGlobal
